// !$*UTF8*$!
{
	archiveVersion = 1;
	classes = {
	};
	objectVersion = 77;
	objects = {

/* Begin PBXContainerItemProxy section */
		764E7DB22CBE2B4500CB81D5 /* PBXContainerItemProxy */ = {
			isa = PBXContainerItemProxy;
			containerPortal = 764E7D992CBE2B4400CB81D5 /* Project object */;
			proxyType = 1;
			remoteGlobalIDString = 764E7DA02CBE2B4400CB81D5;
			remoteInfo = TestOne;
		};
		764E7DBC2CBE2B4500CB81D5 /* PBXContainerItemProxy */ = {
			isa = PBXContainerItemProxy;
			containerPortal = 764E7D992CBE2B4400CB81D5 /* Project object */;
			proxyType = 1;
			remoteGlobalIDString = 764E7DA02CBE2B4400CB81D5;
			remoteInfo = TestOne;
		};
/* End PBXContainerItemProxy section */

/* Begin PBXFileReference section */
		764E7DA12CBE2B4400CB81D5 /* TestOne.app */ = {isa = PBXFileReference; explicitFileType = wrapper.application; includeInIndex = 0; path = TestOne.app; sourceTree = BUILT_PRODUCTS_DIR; };
		764E7DB12CBE2B4500CB81D5 /* TestOneTests.xctest */ = {isa = PBXFileReference; explicitFileType = wrapper.cfbundle; includeInIndex = 0; path = TestOneTests.xctest; sourceTree = BUILT_PRODUCTS_DIR; };
		764E7DBB2CBE2B4500CB81D5 /* TestOneUITests.xctest */ = {isa = PBXFileReference; explicitFileType = wrapper.cfbundle; includeInIndex = 0; path = TestOneUITests.xctest; sourceTree = BUILT_PRODUCTS_DIR; };
/* End PBXFileReference section */

/* Begin PBXFileSystemSynchronizedRootGroup section */
		764E7DA32CBE2B4400CB81D5 /* TestOne */ = {
			isa = PBXFileSystemSynchronizedRootGroup;
			path = TestOne;
			sourceTree = "<group>";
		};
		764E7DB42CBE2B4500CB81D5 /* TestOneTests */ = {
			isa = PBXFileSystemSynchronizedRootGroup;
			path = TestOneTests;
			sourceTree = "<group>";
		};
		764E7DBE2CBE2B4500CB81D5 /* TestOneUITests */ = {
			isa = PBXFileSystemSynchronizedRootGroup;
			path = TestOneUITests;
			sourceTree = "<group>";
		};
/* End PBXFileSystemSynchronizedRootGroup section */

/* Begin PBXFrameworksBuildPhase section */
		764E7D9E2CBE2B4400CB81D5 /* Frameworks */ = {
			isa = PBXFrameworksBuildPhase;
			buildActionMask = 2147483647;
			files = (
			);
			runOnlyForDeploymentPostprocessing = 0;
		};
		764E7DAE2CBE2B4500CB81D5 /* Frameworks */ = {
			isa = PBXFrameworksBuildPhase;
			buildActionMask = 2147483647;
			files = (
			);
			runOnlyForDeploymentPostprocessing = 0;
		};
		764E7DB82CBE2B4500CB81D5 /* Frameworks */ = {
			isa = PBXFrameworksBuildPhase;
			buildActionMask = 2147483647;
			files = (
			);
			runOnlyForDeploymentPostprocessing = 0;
		};
/* End PBXFrameworksBuildPhase section */

/* Begin PBXGroup section */
		764E7D982CBE2B4400CB81D5 = {
			isa = PBXGroup;
			children = (
				764E7DA32CBE2B4400CB81D5 /* TestOne */,
				764E7DB42CBE2B4500CB81D5 /* TestOneTests */,
				764E7DBE2CBE2B4500CB81D5 /* TestOneUITests */,
				764E7DA22CBE2B4400CB81D5 /* Products */,
			);
			sourceTree = "<group>";
		};
		764E7DA22CBE2B4400CB81D5 /* Products */ = {
			isa = PBXGroup;
			children = (
				764E7DA12CBE2B4400CB81D5 /* TestOne.app */,
				764E7DB12CBE2B4500CB81D5 /* TestOneTests.xctest */,
				764E7DBB2CBE2B4500CB81D5 /* TestOneUITests.xctest */,
			);
			name = Products;
			sourceTree = "<group>";
		};
/* End PBXGroup section */

/* Begin PBXNativeTarget section */
		764E7DA02CBE2B4400CB81D5 /* TestOne */ = {
			isa = PBXNativeTarget;
			buildConfigurationList = 764E7DC52CBE2B4500CB81D5 /* Build configuration list for PBXNativeTarget "TestOne" */;
			buildPhases = (
				764E7D9D2CBE2B4400CB81D5 /* Sources */,
				764E7D9E2CBE2B4400CB81D5 /* Frameworks */,
				764E7D9F2CBE2B4400CB81D5 /* Resources */,
			);
			buildRules = (
			);
			dependencies = (
			);
			fileSystemSynchronizedGroups = (
				764E7DA32CBE2B4400CB81D5 /* TestOne */,
			);
			name = TestOne;
			packageProductDependencies = (
			);
			productName = TestOne;
			productReference = 764E7DA12CBE2B4400CB81D5 /* TestOne.app */;
			productType = "com.apple.product-type.application";
		};
		764E7DB02CBE2B4500CB81D5 /* TestOneTests */ = {
			isa = PBXNativeTarget;
			buildConfigurationList = 764E7DC82CBE2B4500CB81D5 /* Build configuration list for PBXNativeTarget "TestOneTests" */;
			buildPhases = (
				764E7DAD2CBE2B4500CB81D5 /* Sources */,
				764E7DAE2CBE2B4500CB81D5 /* Frameworks */,
				764E7DAF2CBE2B4500CB81D5 /* Resources */,
			);
			buildRules = (
			);
			dependencies = (
				764E7DB32CBE2B4500CB81D5 /* PBXTargetDependency */,
			);
			fileSystemSynchronizedGroups = (
				764E7DB42CBE2B4500CB81D5 /* TestOneTests */,
			);
			name = TestOneTests;
			packageProductDependencies = (
			);
			productName = TestOneTests;
			productReference = 764E7DB12CBE2B4500CB81D5 /* TestOneTests.xctest */;
			productType = "com.apple.product-type.bundle.unit-test";
		};
		764E7DBA2CBE2B4500CB81D5 /* TestOneUITests */ = {
			isa = PBXNativeTarget;
			buildConfigurationList = 764E7DCB2CBE2B4500CB81D5 /* Build configuration list for PBXNativeTarget "TestOneUITests" */;
			buildPhases = (
				764E7DB72CBE2B4500CB81D5 /* Sources */,
				764E7DB82CBE2B4500CB81D5 /* Frameworks */,
				764E7DB92CBE2B4500CB81D5 /* Resources */,
			);
			buildRules = (
			);
			dependencies = (
				764E7DBD2CBE2B4500CB81D5 /* PBXTargetDependency */,
			);
			fileSystemSynchronizedGroups = (
				764E7DBE2CBE2B4500CB81D5 /* TestOneUITests */,
			);
			name = TestOneUITests;
			packageProductDependencies = (
			);
			productName = TestOneUITests;
			productReference = 764E7DBB2CBE2B4500CB81D5 /* TestOneUITests.xctest */;
			productType = "com.apple.product-type.bundle.ui-testing";
		};
/* End PBXNativeTarget section */

/* Begin PBXProject section */
		764E7D992CBE2B4400CB81D5 /* Project object */ = {
			isa = PBXProject;
			attributes = {
				BuildIndependentTargetsInParallel = 1;
				LastSwiftUpdateCheck = 1600;
				LastUpgradeCheck = 1600;
				TargetAttributes = {
					764E7DA02CBE2B4400CB81D5 = {
						CreatedOnToolsVersion = 16.0;
					};
					764E7DB02CBE2B4500CB81D5 = {
						CreatedOnToolsVersion = 16.0;
						TestTargetID = 764E7DA02CBE2B4400CB81D5;
					};
					764E7DBA2CBE2B4500CB81D5 = {
						CreatedOnToolsVersion = 16.0;
						TestTargetID = 764E7DA02CBE2B4400CB81D5;
					};
				};
			};
			buildConfigurationList = 764E7D9C2CBE2B4400CB81D5 /* Build configuration list for PBXProject "TestOne" */;
			developmentRegion = en;
			hasScannedForEncodings = 0;
			knownRegions = (
				en,
				Base,
			);
			mainGroup = 764E7D982CBE2B4400CB81D5;
			minimizedProjectReferenceProxies = 1;
			preferredProjectObjectVersion = 77;
			productRefGroup = 764E7DA22CBE2B4400CB81D5 /* Products */;
			projectDirPath = "";
			projectRoot = "";
			targets = (
				764E7DA02CBE2B4400CB81D5 /* TestOne */,
				764E7DB02CBE2B4500CB81D5 /* TestOneTests */,
				764E7DBA2CBE2B4500CB81D5 /* TestOneUITests */,
			);
		};
/* End PBXProject section */

/* Begin PBXResourcesBuildPhase section */
		764E7D9F2CBE2B4400CB81D5 /* Resources */ = {
			isa = PBXResourcesBuildPhase;
			buildActionMask = 2147483647;
			files = (
			);
			runOnlyForDeploymentPostprocessing = 0;
		};
		764E7DAF2CBE2B4500CB81D5 /* Resources */ = {
			isa = PBXResourcesBuildPhase;
			buildActionMask = 2147483647;
			files = (
			);
			runOnlyForDeploymentPostprocessing = 0;
		};
		764E7DB92CBE2B4500CB81D5 /* Resources */ = {
			isa = PBXResourcesBuildPhase;
			buildActionMask = 2147483647;
			files = (
			);
			runOnlyForDeploymentPostprocessing = 0;
		};
/* End PBXResourcesBuildPhase section */

/* Begin PBXSourcesBuildPhase section */
		764E7D9D2CBE2B4400CB81D5 /* Sources */ = {
			isa = PBXSourcesBuildPhase;
			buildActionMask = 2147483647;
			files = (
			);
			runOnlyForDeploymentPostprocessing = 0;
		};
		764E7DAD2CBE2B4500CB81D5 /* Sources */ = {
			isa = PBXSourcesBuildPhase;
			buildActionMask = 2147483647;
			files = (
			);
			runOnlyForDeploymentPostprocessing = 0;
		};
		764E7DB72CBE2B4500CB81D5 /* Sources */ = {
			isa = PBXSourcesBuildPhase;
			buildActionMask = 2147483647;
			files = (
			);
			runOnlyForDeploymentPostprocessing = 0;
		};
/* End PBXSourcesBuildPhase section */

/* Begin PBXTargetDependency section */
		764E7DB32CBE2B4500CB81D5 /* PBXTargetDependency */ = {
			isa = PBXTargetDependency;
			target = 764E7DA02CBE2B4400CB81D5 /* TestOne */;
			targetProxy = 764E7DB22CBE2B4500CB81D5 /* PBXContainerItemProxy */;
		};
		764E7DBD2CBE2B4500CB81D5 /* PBXTargetDependency */ = {
			isa = PBXTargetDependency;
			target = 764E7DA02CBE2B4400CB81D5 /* TestOne */;
			targetProxy = 764E7DBC2CBE2B4500CB81D5 /* PBXContainerItemProxy */;
		};
/* End PBXTargetDependency section */

/* Begin XCBuildConfiguration section */
		764E7DC32CBE2B4500CB81D5 /* Debug */ = {
			isa = XCBuildConfiguration;
			buildSettings = {
				ALWAYS_SEARCH_USER_PATHS = NO;
				ASSETCATALOG_COMPILER_GENERATE_SWIFT_ASSET_SYMBOL_EXTENSIONS = YES;
				CLANG_ANALYZER_NONNULL = YES;
				CLANG_ANALYZER_NUMBER_OBJECT_CONVERSION = YES_AGGRESSIVE;
				CLANG_CXX_LANGUAGE_STANDARD = "gnu++20";
				CLANG_ENABLE_MODULES = YES;
				CLANG_ENABLE_OBJC_ARC = YES;
				CLANG_ENABLE_OBJC_WEAK = YES;
				CLANG_WARN_BLOCK_CAPTURE_AUTORELEASING = YES;
				CLANG_WARN_BOOL_CONVERSION = YES;
				CLANG_WARN_COMMA = YES;
				CLANG_WARN_CONSTANT_CONVERSION = YES;
				CLANG_WARN_DEPRECATED_OBJC_IMPLEMENTATIONS = YES;
				CLANG_WARN_DIRECT_OBJC_ISA_USAGE = YES_ERROR;
				CLANG_WARN_DOCUMENTATION_COMMENTS = YES;
				CLANG_WARN_EMPTY_BODY = YES;
				CLANG_WARN_ENUM_CONVERSION = YES;
				CLANG_WARN_INFINITE_RECURSION = YES;
				CLANG_WARN_INT_CONVERSION = YES;
				CLANG_WARN_NON_LITERAL_NULL_CONVERSION = YES;
				CLANG_WARN_OBJC_IMPLICIT_RETAIN_SELF = YES;
				CLANG_WARN_OBJC_LITERAL_CONVERSION = YES;
				CLANG_WARN_OBJC_ROOT_CLASS = YES_ERROR;
				CLANG_WARN_QUOTED_INCLUDE_IN_FRAMEWORK_HEADER = YES;
				CLANG_WARN_RANGE_LOOP_ANALYSIS = YES;
				CLANG_WARN_STRICT_PROTOTYPES = YES;
				CLANG_WARN_SUSPICIOUS_MOVE = YES;
				CLANG_WARN_UNGUARDED_AVAILABILITY = YES_AGGRESSIVE;
				CLANG_WARN_UNREACHABLE_CODE = YES;
				CLANG_WARN__DUPLICATE_METHOD_MATCH = YES;
				COPY_PHASE_STRIP = NO;
				DEBUG_INFORMATION_FORMAT = dwarf;
				ENABLE_STRICT_OBJC_MSGSEND = YES;
				ENABLE_TESTABILITY = YES;
				ENABLE_USER_SCRIPT_SANDBOXING = YES;
				GCC_C_LANGUAGE_STANDARD = gnu17;
				GCC_DYNAMIC_NO_PIC = NO;
				GCC_NO_COMMON_BLOCKS = YES;
				GCC_OPTIMIZATION_LEVEL = 0;
				GCC_PREPROCESSOR_DEFINITIONS = (
					"DEBUG=1",
					"$(inherited)",
				);
				GCC_WARN_64_TO_32_BIT_CONVERSION = YES;
				GCC_WARN_ABOUT_RETURN_TYPE = YES_ERROR;
				GCC_WARN_UNDECLARED_SELECTOR = YES;
				GCC_WARN_UNINITIALIZED_AUTOS = YES_AGGRESSIVE;
				GCC_WARN_UNUSED_FUNCTION = YES;
				GCC_WARN_UNUSED_VARIABLE = YES;
				IPHONEOS_DEPLOYMENT_TARGET = 18.0;
				LOCALIZATION_PREFERS_STRING_CATALOGS = YES;
				MTL_ENABLE_DEBUG_INFO = INCLUDE_SOURCE;
				MTL_FAST_MATH = YES;
				ONLY_ACTIVE_ARCH = YES;
				SDKROOT = iphoneos;
				SWIFT_ACTIVE_COMPILATION_CONDITIONS = "DEBUG $(inherited)";
				SWIFT_OPTIMIZATION_LEVEL = "-Onone";
			};
			name = Debug;
		};
		764E7DC42CBE2B4500CB81D5 /* Release */ = {
			isa = XCBuildConfiguration;
			buildSettings = {
				ALWAYS_SEARCH_USER_PATHS = NO;
				ASSETCATALOG_COMPILER_GENERATE_SWIFT_ASSET_SYMBOL_EXTENSIONS = YES;
				CLANG_ANALYZER_NONNULL = YES;
				CLANG_ANALYZER_NUMBER_OBJECT_CONVERSION = YES_AGGRESSIVE;
				CLANG_CXX_LANGUAGE_STANDARD = "gnu++20";
				CLANG_ENABLE_MODULES = YES;
				CLANG_ENABLE_OBJC_ARC = YES;
				CLANG_ENABLE_OBJC_WEAK = YES;
				CLANG_WARN_BLOCK_CAPTURE_AUTORELEASING = YES;
				CLANG_WARN_BOOL_CONVERSION = YES;
				CLANG_WARN_COMMA = YES;
				CLANG_WARN_CONSTANT_CONVERSION = YES;
				CLANG_WARN_DEPRECATED_OBJC_IMPLEMENTATIONS = YES;
				CLANG_WARN_DIRECT_OBJC_ISA_USAGE = YES_ERROR;
				CLANG_WARN_DOCUMENTATION_COMMENTS = YES;
				CLANG_WARN_EMPTY_BODY = YES;
				CLANG_WARN_ENUM_CONVERSION = YES;
				CLANG_WARN_INFINITE_RECURSION = YES;
				CLANG_WARN_INT_CONVERSION = YES;
				CLANG_WARN_NON_LITERAL_NULL_CONVERSION = YES;
				CLANG_WARN_OBJC_IMPLICIT_RETAIN_SELF = YES;
				CLANG_WARN_OBJC_LITERAL_CONVERSION = YES;
				CLANG_WARN_OBJC_ROOT_CLASS = YES_ERROR;
				CLANG_WARN_QUOTED_INCLUDE_IN_FRAMEWORK_HEADER = YES;
				CLANG_WARN_RANGE_LOOP_ANALYSIS = YES;
				CLANG_WARN_STRICT_PROTOTYPES = YES;
				CLANG_WARN_SUSPICIOUS_MOVE = YES;
				CLANG_WARN_UNGUARDED_AVAILABILITY = YES_AGGRESSIVE;
				CLANG_WARN_UNREACHABLE_CODE = YES;
				CLANG_WARN__DUPLICATE_METHOD_MATCH = YES;
				COPY_PHASE_STRIP = NO;
				DEBUG_INFORMATION_FORMAT = "dwarf-with-dsym";
				ENABLE_NS_ASSERTIONS = NO;
				ENABLE_STRICT_OBJC_MSGSEND = YES;
				ENABLE_USER_SCRIPT_SANDBOXING = YES;
				GCC_C_LANGUAGE_STANDARD = gnu17;
				GCC_NO_COMMON_BLOCKS = YES;
				GCC_WARN_64_TO_32_BIT_CONVERSION = YES;
				GCC_WARN_ABOUT_RETURN_TYPE = YES_ERROR;
				GCC_WARN_UNDECLARED_SELECTOR = YES;
				GCC_WARN_UNINITIALIZED_AUTOS = YES_AGGRESSIVE;
				GCC_WARN_UNUSED_FUNCTION = YES;
				GCC_WARN_UNUSED_VARIABLE = YES;
				IPHONEOS_DEPLOYMENT_TARGET = 18.0;
				LOCALIZATION_PREFERS_STRING_CATALOGS = YES;
				MTL_ENABLE_DEBUG_INFO = NO;
				MTL_FAST_MATH = YES;
				SDKROOT = iphoneos;
				SWIFT_COMPILATION_MODE = wholemodule;
				VALIDATE_PRODUCT = YES;
			};
			name = Release;
		};
		764E7DC62CBE2B4500CB81D5 /* Debug */ = {
			isa = XCBuildConfiguration;
			buildSettings = {
				ASSETCATALOG_COMPILER_APPICON_NAME = AppIcon;
				ASSETCATALOG_COMPILER_GLOBAL_ACCENT_COLOR_NAME = AccentColor;
				CODE_SIGN_STYLE = Automatic;
				CURRENT_PROJECT_VERSION = 1;
				DEVELOPMENT_ASSET_PATHS = "\"TestOne/Preview Content\"";
				DEVELOPMENT_TEAM = KUS655332L;
				ENABLE_PREVIEWS = YES;
				GENERATE_INFOPLIST_FILE = YES;
				INFOPLIST_KEY_UIApplicationSceneManifest_Generation = YES;
				INFOPLIST_KEY_UIApplicationSupportsIndirectInputEvents = YES;
				INFOPLIST_KEY_UILaunchScreen_Generation = YES;
				INFOPLIST_KEY_UISupportedInterfaceOrientations_iPad = "UIInterfaceOrientationPortrait UIInterfaceOrientationPortraitUpsideDown UIInterfaceOrientationLandscapeLeft UIInterfaceOrientationLandscapeRight";
				INFOPLIST_KEY_UISupportedInterfaceOrientations_iPhone = "UIInterfaceOrientationPortrait UIInterfaceOrientationLandscapeLeft UIInterfaceOrientationLandscapeRight";
				LD_RUNPATH_SEARCH_PATHS = (
					"$(inherited)",
					"@executable_path/Frameworks",
				);
				MARKETING_VERSION = 1.0;
				PRODUCT_BUNDLE_IDENTIFIER = top.amirdeveloper.test.one.TestOne;
				PRODUCT_NAME = "$(TARGET_NAME)";
				SWIFT_EMIT_LOC_STRINGS = YES;
				SWIFT_VERSION = 5.0;
				TARGETED_DEVICE_FAMILY = "1,2";
			};
			name = Debug;
		};
		764E7DC72CBE2B4500CB81D5 /* Release */ = {
			isa = XCBuildConfiguration;
			buildSettings = {
				ASSETCATALOG_COMPILER_APPICON_NAME = AppIcon;
				ASSETCATALOG_COMPILER_GLOBAL_ACCENT_COLOR_NAME = AccentColor;
				CODE_SIGN_STYLE = Automatic;
				CURRENT_PROJECT_VERSION = 1;
				DEVELOPMENT_ASSET_PATHS = "\"TestOne/Preview Content\"";
				DEVELOPMENT_TEAM = KUS655332L;
				ENABLE_PREVIEWS = YES;
				GENERATE_INFOPLIST_FILE = YES;
				INFOPLIST_KEY_UIApplicationSceneManifest_Generation = YES;
				INFOPLIST_KEY_UIApplicationSupportsIndirectInputEvents = YES;
				INFOPLIST_KEY_UILaunchScreen_Generation = YES;
				INFOPLIST_KEY_UISupportedInterfaceOrientations_iPad = "UIInterfaceOrientationPortrait UIInterfaceOrientationPortraitUpsideDown UIInterfaceOrientationLandscapeLeft UIInterfaceOrientationLandscapeRight";
				INFOPLIST_KEY_UISupportedInterfaceOrientations_iPhone = "UIInterfaceOrientationPortrait UIInterfaceOrientationLandscapeLeft UIInterfaceOrientationLandscapeRight";
				LD_RUNPATH_SEARCH_PATHS = (
					"$(inherited)",
					"@executable_path/Frameworks",
				);
				MARKETING_VERSION = 1.0;
				PRODUCT_BUNDLE_IDENTIFIER = top.amirdeveloper.test.one.TestOne;
				PRODUCT_NAME = "$(TARGET_NAME)";
				SWIFT_EMIT_LOC_STRINGS = YES;
				SWIFT_VERSION = 5.0;
				TARGETED_DEVICE_FAMILY = "1,2";
			};
			name = Release;
		};
		764E7DC92CBE2B4500CB81D5 /* Debug */ = {
			isa = XCBuildConfiguration;
			buildSettings = {
				BUNDLE_LOADER = "$(TEST_HOST)";
				CODE_SIGN_STYLE = Automatic;
				CURRENT_PROJECT_VERSION = 1;
				DEVELOPMENT_TEAM = KUS655332L;
				GENERATE_INFOPLIST_FILE = YES;
				IPHONEOS_DEPLOYMENT_TARGET = 18.0;
				MARKETING_VERSION = 1.0;
				PRODUCT_BUNDLE_IDENTIFIER = top.amirdeveloper.test.one.TestOneTests;
				PRODUCT_NAME = "$(TARGET_NAME)";
				SWIFT_EMIT_LOC_STRINGS = NO;
				SWIFT_VERSION = 5.0;
				TARGETED_DEVICE_FAMILY = "1,2";
				TEST_HOST = "$(BUILT_PRODUCTS_DIR)/TestOne.app/$(BUNDLE_EXECUTABLE_FOLDER_PATH)/TestOne";
			};
			name = Debug;
		};
		764E7DCA2CBE2B4500CB81D5 /* Release */ = {
			isa = XCBuildConfiguration;
			buildSettings = {
				BUNDLE_LOADER = "$(TEST_HOST)";
				CODE_SIGN_STYLE = Automatic;
				CURRENT_PROJECT_VERSION = 1;
				DEVELOPMENT_TEAM = KUS655332L;
				GENERATE_INFOPLIST_FILE = YES;
				IPHONEOS_DEPLOYMENT_TARGET = 18.0;
				MARKETING_VERSION = 1.0;
				PRODUCT_BUNDLE_IDENTIFIER = top.amirdeveloper.test.one.TestOneTests;
				PRODUCT_NAME = "$(TARGET_NAME)";
				SWIFT_EMIT_LOC_STRINGS = NO;
				SWIFT_VERSION = 5.0;
				TARGETED_DEVICE_FAMILY = "1,2";
				TEST_HOST = "$(BUILT_PRODUCTS_DIR)/TestOne.app/$(BUNDLE_EXECUTABLE_FOLDER_PATH)/TestOne";
			};
			name = Release;
		};
		764E7DCC2CBE2B4500CB81D5 /* Debug */ = {
			isa = XCBuildConfiguration;
			buildSettings = {
				CODE_SIGN_STYLE = Automatic;
				CURRENT_PROJECT_VERSION = 1;
				DEVELOPMENT_TEAM = KUS655332L;
				GENERATE_INFOPLIST_FILE = YES;
				MARKETING_VERSION = 1.0;
				PRODUCT_BUNDLE_IDENTIFIER = top.amirdeveloper.test.one.TestOneUITests;
				PRODUCT_NAME = "$(TARGET_NAME)";
				SWIFT_EMIT_LOC_STRINGS = NO;
				SWIFT_VERSION = 5.0;
				TARGETED_DEVICE_FAMILY = "1,2";
				TEST_TARGET_NAME = TestOne;
			};
			name = Debug;
		};
		764E7DCD2CBE2B4500CB81D5 /* Release */ = {
			isa = XCBuildConfiguration;
			buildSettings = {
				CODE_SIGN_STYLE = Automatic;
				CURRENT_PROJECT_VERSION = 1;
				DEVELOPMENT_TEAM = KUS655332L;
				GENERATE_INFOPLIST_FILE = YES;
				MARKETING_VERSION = 1.0;
				PRODUCT_BUNDLE_IDENTIFIER = top.amirdeveloper.test.one.TestOneUITests;
				PRODUCT_NAME = "$(TARGET_NAME)";
				SWIFT_EMIT_LOC_STRINGS = NO;
				SWIFT_VERSION = 5.0;
				TARGETED_DEVICE_FAMILY = "1,2";
				TEST_TARGET_NAME = TestOne;
			};
			name = Release;
		};
/* End XCBuildConfiguration section */

/* Begin XCConfigurationList section */
		764E7D9C2CBE2B4400CB81D5 /* Build configuration list for PBXProject "TestOne" */ = {
			isa = XCConfigurationList;
			buildConfigurations = (
				764E7DC32CBE2B4500CB81D5 /* Debug */,
				764E7DC42CBE2B4500CB81D5 /* Release */,
			);
			defaultConfigurationIsVisible = 0;
			defaultConfigurationName = Release;
		};
		764E7DC52CBE2B4500CB81D5 /* Build configuration list for PBXNativeTarget "TestOne" */ = {
			isa = XCConfigurationList;
			buildConfigurations = (
				764E7DC62CBE2B4500CB81D5 /* Debug */,
				764E7DC72CBE2B4500CB81D5 /* Release */,
			);
			defaultConfigurationIsVisible = 0;
			defaultConfigurationName = Release;
		};
		764E7DC82CBE2B4500CB81D5 /* Build configuration list for PBXNativeTarget "TestOneTests" */ = {
			isa = XCConfigurationList;
			buildConfigurations = (
				764E7DC92CBE2B4500CB81D5 /* Debug */,
				764E7DCA2CBE2B4500CB81D5 /* Release */,
			);
			defaultConfigurationIsVisible = 0;
			defaultConfigurationName = Release;
		};
		764E7DCB2CBE2B4500CB81D5 /* Build configuration list for PBXNativeTarget "TestOneUITests" */ = {
			isa = XCConfigurationList;
			buildConfigurations = (
				764E7DCC2CBE2B4500CB81D5 /* Debug */,
				764E7DCD2CBE2B4500CB81D5 /* Release */,
			);
			defaultConfigurationIsVisible = 0;
			defaultConfigurationName = Release;
		};
/* End XCConfigurationList section */
	};
	rootObject = 764E7D992CBE2B4400CB81D5 /* Project object */;
}
